// !$*UTF8*$!
{
	archiveVersion = 1;
	classes = {
	};
	objectVersion = 46;
	objects = {

/* Begin PBXBuildFile section */
		2D3288541CA25DFB00C2ED2F /* main.m in Sources */ = {isa = PBXBuildFile; fileRef = 2D3288531CA25DFB00C2ED2F /* main.m */; };
		2D3288571CA25DFB00C2ED2F /* AppDelegate.m in Sources */ = {isa = PBXBuildFile; fileRef = 2D3288561CA25DFB00C2ED2F /* AppDelegate.m */; };
		2D32885D1CA25DFB00C2ED2F /* Main.storyboard in Resources */ = {isa = PBXBuildFile; fileRef = 2D32885B1CA25DFB00C2ED2F /* Main.storyboard */; };
		2D32885F1CA25DFB00C2ED2F /* Assets.xcassets in Resources */ = {isa = PBXBuildFile; fileRef = 2D32885E1CA25DFB00C2ED2F /* Assets.xcassets */; };
		2D3288621CA25DFB00C2ED2F /* LaunchScreen.storyboard in Resources */ = {isa = PBXBuildFile; fileRef = 2D3288601CA25DFB00C2ED2F /* LaunchScreen.storyboard */; };
		2D3288741CA2699500C2ED2F /* HomeViewController.m in Sources */ = {isa = PBXBuildFile; fileRef = 2D3288731CA2699500C2ED2F /* HomeViewController.m */; };
		2D3288781CA2B68C00C2ED2F /* UIView+Extension.m in Sources */ = {isa = PBXBuildFile; fileRef = 2D3288771CA2B68C00C2ED2F /* UIView+Extension.m */; };
		2D32887B1CA2B6F800C2ED2F /* UILabel+LayoutTextRect.m in Sources */ = {isa = PBXBuildFile; fileRef = 2D32887A1CA2B6F800C2ED2F /* UILabel+LayoutTextRect.m */; };
		2D32887E1CA2BB1200C2ED2F /* UIImageView+ImageSize.m in Sources */ = {isa = PBXBuildFile; fileRef = 2D32887D1CA2BB1200C2ED2F /* UIImageView+ImageSize.m */; };
		2D3288811CA2BBF300C2ED2F /* UIImageView+InscribedCircle.m in Sources */ = {isa = PBXBuildFile; fileRef = 2D3288801CA2BBF300C2ED2F /* UIImageView+InscribedCircle.m */; };
		2D3288871CA2EDC600C2ED2F /* UINavigationBar+Transparent.m in Sources */ = {isa = PBXBuildFile; fileRef = 2D3288861CA2EDC600C2ED2F /* UINavigationBar+Transparent.m */; };
		2D32888D1CA380E500C2ED2F /* UIViewController+CleanNavBarBottomLine.m in Sources */ = {isa = PBXBuildFile; fileRef = 2D32888C1CA380E500C2ED2F /* UIViewController+CleanNavBarBottomLine.m */; };
		EB2021216A764EE4AA16CB5F /* libPods.a in Frameworks */ = {isa = PBXBuildFile; fileRef = C2DFEEDB0B207D8AEC815495 /* libPods.a */; };
/* End PBXBuildFile section */

/* Begin PBXFileReference section */
		2D32884F1CA25DFB00C2ED2F /* BanTang.app */ = {isa = PBXFileReference; explicitFileType = wrapper.application; includeInIndex = 0; path = BanTang.app; sourceTree = BUILT_PRODUCTS_DIR; };
		2D3288531CA25DFB00C2ED2F /* main.m */ = {isa = PBXFileReference; lastKnownFileType = sourcecode.c.objc; path = main.m; sourceTree = "<group>"; };
		2D3288551CA25DFB00C2ED2F /* AppDelegate.h */ = {isa = PBXFileReference; lastKnownFileType = sourcecode.c.h; path = AppDelegate.h; sourceTree = "<group>"; };
		2D3288561CA25DFB00C2ED2F /* AppDelegate.m */ = {isa = PBXFileReference; lastKnownFileType = sourcecode.c.objc; path = AppDelegate.m; sourceTree = "<group>"; };
		2D32885C1CA25DFB00C2ED2F /* Base */ = {isa = PBXFileReference; lastKnownFileType = file.storyboard; name = Base; path = Base.lproj/Main.storyboard; sourceTree = "<group>"; };
		2D32885E1CA25DFB00C2ED2F /* Assets.xcassets */ = {isa = PBXFileReference; lastKnownFileType = folder.assetcatalog; path = Assets.xcassets; sourceTree = "<group>"; };
		2D3288611CA25DFB00C2ED2F /* Base */ = {isa = PBXFileReference; lastKnownFileType = file.storyboard; name = Base; path = Base.lproj/LaunchScreen.storyboard; sourceTree = "<group>"; };
		2D3288631CA25DFB00C2ED2F /* Info.plist */ = {isa = PBXFileReference; lastKnownFileType = text.plist.xml; path = Info.plist; sourceTree = "<group>"; };
		2D3288711CA2674E00C2ED2F /* BTPrefixHeader.pch */ = {isa = PBXFileReference; lastKnownFileType = sourcecode.c.h; path = BTPrefixHeader.pch; sourceTree = "<group>"; };
		2D3288721CA2699500C2ED2F /* HomeViewController.h */ = {isa = PBXFileReference; fileEncoding = 4; lastKnownFileType = sourcecode.c.h; path = HomeViewController.h; sourceTree = "<group>"; };
		2D3288731CA2699500C2ED2F /* HomeViewController.m */ = {isa = PBXFileReference; fileEncoding = 4; lastKnownFileType = sourcecode.c.objc; path = HomeViewController.m; sourceTree = "<group>"; };
		2D3288761CA2B68C00C2ED2F /* UIView+Extension.h */ = {isa = PBXFileReference; fileEncoding = 4; lastKnownFileType = sourcecode.c.h; path = "UIView+Extension.h"; sourceTree = "<group>"; };
		2D3288771CA2B68C00C2ED2F /* UIView+Extension.m */ = {isa = PBXFileReference; fileEncoding = 4; lastKnownFileType = sourcecode.c.objc; path = "UIView+Extension.m"; sourceTree = "<group>"; };
		2D3288791CA2B6F800C2ED2F /* UILabel+LayoutTextRect.h */ = {isa = PBXFileReference; fileEncoding = 4; lastKnownFileType = sourcecode.c.h; path = "UILabel+LayoutTextRect.h"; sourceTree = "<group>"; };
		2D32887A1CA2B6F800C2ED2F /* UILabel+LayoutTextRect.m */ = {isa = PBXFileReference; fileEncoding = 4; lastKnownFileType = sourcecode.c.objc; path = "UILabel+LayoutTextRect.m"; sourceTree = "<group>"; };
		2D32887C1CA2BB1200C2ED2F /* UIImageView+ImageSize.h */ = {isa = PBXFileReference; fileEncoding = 4; lastKnownFileType = sourcecode.c.h; path = "UIImageView+ImageSize.h"; sourceTree = "<group>"; };
		2D32887D1CA2BB1200C2ED2F /* UIImageView+ImageSize.m */ = {isa = PBXFileReference; fileEncoding = 4; lastKnownFileType = sourcecode.c.objc; path = "UIImageView+ImageSize.m"; sourceTree = "<group>"; };
		2D32887F1CA2BBF300C2ED2F /* UIImageView+InscribedCircle.h */ = {isa = PBXFileReference; fileEncoding = 4; lastKnownFileType = sourcecode.c.h; path = "UIImageView+InscribedCircle.h"; sourceTree = "<group>"; };
		2D3288801CA2BBF300C2ED2F /* UIImageView+InscribedCircle.m */ = {isa = PBXFileReference; fileEncoding = 4; lastKnownFileType = sourcecode.c.objc; path = "UIImageView+InscribedCircle.m"; sourceTree = "<group>"; };
		2D3288851CA2EDC600C2ED2F /* UINavigationBar+Transparent.h */ = {isa = PBXFileReference; fileEncoding = 4; lastKnownFileType = sourcecode.c.h; path = "UINavigationBar+Transparent.h"; sourceTree = "<group>"; };
		2D3288861CA2EDC600C2ED2F /* UINavigationBar+Transparent.m */ = {isa = PBXFileReference; fileEncoding = 4; lastKnownFileType = sourcecode.c.objc; path = "UINavigationBar+Transparent.m"; sourceTree = "<group>"; };
		2D32888B1CA380E500C2ED2F /* UIViewController+CleanNavBarBottomLine.h */ = {isa = PBXFileReference; fileEncoding = 4; lastKnownFileType = sourcecode.c.h; path = "UIViewController+CleanNavBarBottomLine.h"; sourceTree = "<group>"; };
		2D32888C1CA380E500C2ED2F /* UIViewController+CleanNavBarBottomLine.m */ = {isa = PBXFileReference; fileEncoding = 4; lastKnownFileType = sourcecode.c.objc; path = "UIViewController+CleanNavBarBottomLine.m"; sourceTree = "<group>"; };
		3705C3F240E2181702DF656A /* Pods.debug.xcconfig */ = {isa = PBXFileReference; includeInIndex = 1; lastKnownFileType = text.xcconfig; name = Pods.debug.xcconfig; path = "Pods/Target Support Files/Pods/Pods.debug.xcconfig"; sourceTree = "<group>"; };
		739F438D1AEA8B6EC812E9D4 /* Pods.release.xcconfig */ = {isa = PBXFileReference; includeInIndex = 1; lastKnownFileType = text.xcconfig; name = Pods.release.xcconfig; path = "Pods/Target Support Files/Pods/Pods.release.xcconfig"; sourceTree = "<group>"; };
		C2DFEEDB0B207D8AEC815495 /* libPods.a */ = {isa = PBXFileReference; explicitFileType = archive.ar; includeInIndex = 0; path = libPods.a; sourceTree = BUILT_PRODUCTS_DIR; };
/* End PBXFileReference section */

/* Begin PBXFrameworksBuildPhase section */
		2D32884C1CA25DFB00C2ED2F /* Frameworks */ = {
			isa = PBXFrameworksBuildPhase;
			buildActionMask = 2147483647;
			files = (
				EB2021216A764EE4AA16CB5F /* libPods.a in Frameworks */,
			);
			runOnlyForDeploymentPostprocessing = 0;
		};
/* End PBXFrameworksBuildPhase section */

/* Begin PBXGroup section */
		1F295B01335BB5E52AE81BC0 /* Pods */ = {
			isa = PBXGroup;
			children = (
				3705C3F240E2181702DF656A /* Pods.debug.xcconfig */,
				739F438D1AEA8B6EC812E9D4 /* Pods.release.xcconfig */,
			);
			name = Pods;
			sourceTree = "<group>";
		};
		2D3288461CA25DFB00C2ED2F = {
			isa = PBXGroup;
			children = (
				2D3288511CA25DFB00C2ED2F /* BanTang */,
				2D3288501CA25DFB00C2ED2F /* Products */,
				1F295B01335BB5E52AE81BC0 /* Pods */,
				7B97A2B9C1165E1557157AC6 /* Frameworks */,
			);
			sourceTree = "<group>";
		};
		2D3288501CA25DFB00C2ED2F /* Products */ = {
			isa = PBXGroup;
			children = (
				2D32884F1CA25DFB00C2ED2F /* BanTang.app */,
			);
			name = Products;
			sourceTree = "<group>";
		};
		2D3288511CA25DFB00C2ED2F /* BanTang */ = {
			isa = PBXGroup;
			children = (
				2D3288751CA2B62F00C2ED2F /* Category */,
				2D3288701CA2671100C2ED2F /* User */,
				2D32886F1CA2670B00C2ED2F /* Message */,
				2D32886E1CA2670200C2ED2F /* Pushlish */,
				2D32886D1CA266F600C2ED2F /* Community */,
				2D32886C1CA266E700C2ED2F /* Home */,
				2D32886B1CA266D900C2ED2F /* NetworkRequest */,
				2D32886A1CA266C400C2ED2F /* BaseView */,
				2D3288691CA2665800C2ED2F /* APP */,
				2D32885B1CA25DFB00C2ED2F /* Main.storyboard */,
				2D32885E1CA25DFB00C2ED2F /* Assets.xcassets */,
				2D3288601CA25DFB00C2ED2F /* LaunchScreen.storyboard */,
				2D3288521CA25DFB00C2ED2F /* Supporting Files */,
			);
			path = BanTang;
			sourceTree = "<group>";
		};
		2D3288521CA25DFB00C2ED2F /* Supporting Files */ = {
			isa = PBXGroup;
			children = (
				2D3288531CA25DFB00C2ED2F /* main.m */,
			);
			name = "Supporting Files";
			sourceTree = "<group>";
		};
		2D3288691CA2665800C2ED2F /* APP */ = {
			isa = PBXGroup;
			children = (
				2D3288551CA25DFB00C2ED2F /* AppDelegate.h */,
				2D3288561CA25DFB00C2ED2F /* AppDelegate.m */,
				2D3288631CA25DFB00C2ED2F /* Info.plist */,
				2D3288711CA2674E00C2ED2F /* BTPrefixHeader.pch */,
			);
			name = APP;
			sourceTree = "<group>";
		};
		2D32886A1CA266C400C2ED2F /* BaseView */ = {
			isa = PBXGroup;
			children = (
			);
			name = BaseView;
			sourceTree = "<group>";
		};
		2D32886B1CA266D900C2ED2F /* NetworkRequest */ = {
			isa = PBXGroup;
			children = (
			);
			name = NetworkRequest;
			sourceTree = "<group>";
		};
		2D32886C1CA266E700C2ED2F /* Home */ = {
			isa = PBXGroup;
			children = (
				2D3288721CA2699500C2ED2F /* HomeViewController.h */,
				2D3288731CA2699500C2ED2F /* HomeViewController.m */,
			);
			name = Home;
			sourceTree = "<group>";
		};
		2D32886D1CA266F600C2ED2F /* Community */ = {
			isa = PBXGroup;
			children = (
			);
			name = Community;
			sourceTree = "<group>";
		};
		2D32886E1CA2670200C2ED2F /* Pushlish */ = {
			isa = PBXGroup;
			children = (
			);
			name = Pushlish;
			sourceTree = "<group>";
		};
		2D32886F1CA2670B00C2ED2F /* Message */ = {
			isa = PBXGroup;
			children = (
			);
			name = Message;
			sourceTree = "<group>";
		};
		2D3288701CA2671100C2ED2F /* User */ = {
			isa = PBXGroup;
			children = (
			);
			name = User;
			sourceTree = "<group>";
		};
		2D3288751CA2B62F00C2ED2F /* Category */ = {
			isa = PBXGroup;
			children = (
				2D3288761CA2B68C00C2ED2F /* UIView+Extension.h */,
				2D3288771CA2B68C00C2ED2F /* UIView+Extension.m */,
				2D3288791CA2B6F800C2ED2F /* UILabel+LayoutTextRect.h */,
				2D32887A1CA2B6F800C2ED2F /* UILabel+LayoutTextRect.m */,
				2D32887C1CA2BB1200C2ED2F /* UIImageView+ImageSize.h */,
				2D32887D1CA2BB1200C2ED2F /* UIImageView+ImageSize.m */,
				2D32887F1CA2BBF300C2ED2F /* UIImageView+InscribedCircle.h */,
				2D3288801CA2BBF300C2ED2F /* UIImageView+InscribedCircle.m */,
				2D3288851CA2EDC600C2ED2F /* UINavigationBar+Transparent.h */,
				2D3288861CA2EDC600C2ED2F /* UINavigationBar+Transparent.m */,
				2D32888B1CA380E500C2ED2F /* UIViewController+CleanNavBarBottomLine.h */,
				2D32888C1CA380E500C2ED2F /* UIViewController+CleanNavBarBottomLine.m */,
			);
			name = Category;
			sourceTree = "<group>";
		};
		7B97A2B9C1165E1557157AC6 /* Frameworks */ = {
			isa = PBXGroup;
			children = (
				C2DFEEDB0B207D8AEC815495 /* libPods.a */,
			);
			name = Frameworks;
			sourceTree = "<group>";
		};
/* End PBXGroup section */

/* Begin PBXNativeTarget section */
		2D32884E1CA25DFB00C2ED2F /* BanTang */ = {
			isa = PBXNativeTarget;
			buildConfigurationList = 2D3288661CA25DFB00C2ED2F /* Build configuration list for PBXNativeTarget "BanTang" */;
			buildPhases = (
				869BE13EC41C9DD7F4F0E5CB /* Check Pods Manifest.lock */,
				2D32884B1CA25DFB00C2ED2F /* Sources */,
				2D32884C1CA25DFB00C2ED2F /* Frameworks */,
				2D32884D1CA25DFB00C2ED2F /* Resources */,
				B85D3E2C42E1AC80EC7C4FFD /* Embed Pods Frameworks */,
				7AF681E60C90B42A3AF2A06B /* Copy Pods Resources */,
			);
			buildRules = (
			);
			dependencies = (
			);
			name = BanTang;
			productName = BanTang;
			productReference = 2D32884F1CA25DFB00C2ED2F /* BanTang.app */;
			productType = "com.apple.product-type.application";
		};
/* End PBXNativeTarget section */

/* Begin PBXProject section */
		2D3288471CA25DFB00C2ED2F /* Project object */ = {
			isa = PBXProject;
			attributes = {
				LastUpgradeCheck = 0720;
				ORGANIZATIONNAME = WanJianTechnology;
				TargetAttributes = {
					2D32884E1CA25DFB00C2ED2F = {
						CreatedOnToolsVersion = 7.2;
					};
				};
			};
			buildConfigurationList = 2D32884A1CA25DFB00C2ED2F /* Build configuration list for PBXProject "BanTang" */;
			compatibilityVersion = "Xcode 3.2";
			developmentRegion = English;
			hasScannedForEncodings = 0;
			knownRegions = (
				en,
				Base,
			);
			mainGroup = 2D3288461CA25DFB00C2ED2F;
			productRefGroup = 2D3288501CA25DFB00C2ED2F /* Products */;
			projectDirPath = "";
			projectRoot = "";
			targets = (
				2D32884E1CA25DFB00C2ED2F /* BanTang */,
			);
		};
/* End PBXProject section */

/* Begin PBXResourcesBuildPhase section */
		2D32884D1CA25DFB00C2ED2F /* Resources */ = {
			isa = PBXResourcesBuildPhase;
			buildActionMask = 2147483647;
			files = (
				2D3288621CA25DFB00C2ED2F /* LaunchScreen.storyboard in Resources */,
				2D32885F1CA25DFB00C2ED2F /* Assets.xcassets in Resources */,
				2D32885D1CA25DFB00C2ED2F /* Main.storyboard in Resources */,
			);
			runOnlyForDeploymentPostprocessing = 0;
		};
/* End PBXResourcesBuildPhase section */

/* Begin PBXShellScriptBuildPhase section */
		7AF681E60C90B42A3AF2A06B /* Copy Pods Resources */ = {
			isa = PBXShellScriptBuildPhase;
			buildActionMask = 2147483647;
			files = (
			);
			inputPaths = (
			);
			name = "Copy Pods Resources";
			outputPaths = (
			);
			runOnlyForDeploymentPostprocessing = 0;
			shellPath = /bin/sh;
			shellScript = "\"${SRCROOT}/Pods/Target Support Files/Pods/Pods-resources.sh\"\n";
			showEnvVarsInLog = 0;
		};
		869BE13EC41C9DD7F4F0E5CB /* Check Pods Manifest.lock */ = {
			isa = PBXShellScriptBuildPhase;
			buildActionMask = 2147483647;
			files = (
			);
			inputPaths = (
			);
			name = "Check Pods Manifest.lock";
			outputPaths = (
			);
			runOnlyForDeploymentPostprocessing = 0;
			shellPath = /bin/sh;
			shellScript = "diff \"${PODS_ROOT}/../Podfile.lock\" \"${PODS_ROOT}/Manifest.lock\" > /dev/null\nif [[ $? != 0 ]] ; then\n    cat << EOM\nerror: The sandbox is not in sync with the Podfile.lock. Run 'pod install' or update your CocoaPods installation.\nEOM\n    exit 1\nfi\n";
			showEnvVarsInLog = 0;
		};
		B85D3E2C42E1AC80EC7C4FFD /* Embed Pods Frameworks */ = {
			isa = PBXShellScriptBuildPhase;
			buildActionMask = 2147483647;
			files = (
			);
			inputPaths = (
			);
			name = "Embed Pods Frameworks";
			outputPaths = (
			);
			runOnlyForDeploymentPostprocessing = 0;
			shellPath = /bin/sh;
			shellScript = "\"${SRCROOT}/Pods/Target Support Files/Pods/Pods-frameworks.sh\"\n";
			showEnvVarsInLog = 0;
		};
/* End PBXShellScriptBuildPhase section */

/* Begin PBXSourcesBuildPhase section */
		2D32884B1CA25DFB00C2ED2F /* Sources */ = {
			isa = PBXSourcesBuildPhase;
			buildActionMask = 2147483647;
			files = (
				2D32888D1CA380E500C2ED2F /* UIViewController+CleanNavBarBottomLine.m in Sources */,
				2D3288871CA2EDC600C2ED2F /* UINavigationBar+Transparent.m in Sources */,
				2D32887B1CA2B6F800C2ED2F /* UILabel+LayoutTextRect.m in Sources */,
				2D32887E1CA2BB1200C2ED2F /* UIImageView+ImageSize.m in Sources */,
				2D3288811CA2BBF300C2ED2F /* UIImageView+InscribedCircle.m in Sources */,
				2D3288571CA25DFB00C2ED2F /* AppDelegate.m in Sources */,
				2D3288541CA25DFB00C2ED2F /* main.m in Sources */,
				2D3288781CA2B68C00C2ED2F /* UIView+Extension.m in Sources */,
				2D3288741CA2699500C2ED2F /* HomeViewController.m in Sources */,
			);
			runOnlyForDeploymentPostprocessing = 0;
		};
/* End PBXSourcesBuildPhase section */

/* Begin PBXVariantGroup section */
		2D32885B1CA25DFB00C2ED2F /* Main.storyboard */ = {
			isa = PBXVariantGroup;
			children = (
				2D32885C1CA25DFB00C2ED2F /* Base */,
			);
			name = Main.storyboard;
			sourceTree = "<group>";
		};
		2D3288601CA25DFB00C2ED2F /* LaunchScreen.storyboard */ = {
			isa = PBXVariantGroup;
			children = (
				2D3288611CA25DFB00C2ED2F /* Base */,
			);
			name = LaunchScreen.storyboard;
			sourceTree = "<group>";
		};
/* End PBXVariantGroup section */

/* Begin XCBuildConfiguration section */
		2D3288641CA25DFB00C2ED2F /* Debug */ = {
			isa = XCBuildConfiguration;
			buildSettings = {
				ALWAYS_SEARCH_USER_PATHS = NO;
				CLANG_CXX_LANGUAGE_STANDARD = "gnu++0x";
				CLANG_CXX_LIBRARY = "libc++";
				CLANG_ENABLE_MODULES = YES;
				CLANG_ENABLE_OBJC_ARC = YES;
				CLANG_WARN_BOOL_CONVERSION = YES;
				CLANG_WARN_CONSTANT_CONVERSION = YES;
				CLANG_WARN_DIRECT_OBJC_ISA_USAGE = YES_ERROR;
				CLANG_WARN_EMPTY_BODY = YES;
				CLANG_WARN_ENUM_CONVERSION = YES;
				CLANG_WARN_INT_CONVERSION = YES;
				CLANG_WARN_OBJC_ROOT_CLASS = YES_ERROR;
				CLANG_WARN_UNREACHABLE_CODE = YES;
				CLANG_WARN__DUPLICATE_METHOD_MATCH = YES;
				"CODE_SIGN_IDENTITY[sdk=iphoneos*]" = "iPhone Developer";
				COPY_PHASE_STRIP = NO;
				DEBUG_INFORMATION_FORMAT = dwarf;
				ENABLE_STRICT_OBJC_MSGSEND = YES;
				ENABLE_TESTABILITY = YES;
				GCC_C_LANGUAGE_STANDARD = gnu99;
				GCC_DYNAMIC_NO_PIC = NO;
				GCC_NO_COMMON_BLOCKS = YES;
				GCC_OPTIMIZATION_LEVEL = 0;
				GCC_PREPROCESSOR_DEFINITIONS = (
					"DEBUG=1",
					"$(inherited)",
				);
				GCC_WARN_64_TO_32_BIT_CONVERSION = YES;
				GCC_WARN_ABOUT_RETURN_TYPE = YES_ERROR;
				GCC_WARN_UNDECLARED_SELECTOR = YES;
				GCC_WARN_UNINITIALIZED_AUTOS = YES_AGGRESSIVE;
				GCC_WARN_UNUSED_FUNCTION = YES;
				GCC_WARN_UNUSED_VARIABLE = YES;
				IPHONEOS_DEPLOYMENT_TARGET = 9.2;
				MTL_ENABLE_DEBUG_INFO = YES;
				ONLY_ACTIVE_ARCH = YES;
				SDKROOT = iphoneos;
			};
			name = Debug;
		};
		2D3288651CA25DFB00C2ED2F /* Release */ = {
			isa = XCBuildConfiguration;
			buildSettings = {
				ALWAYS_SEARCH_USER_PATHS = NO;
				CLANG_CXX_LANGUAGE_STANDARD = "gnu++0x";
				CLANG_CXX_LIBRARY = "libc++";
				CLANG_ENABLE_MODULES = YES;
				CLANG_ENABLE_OBJC_ARC = YES;
				CLANG_WARN_BOOL_CONVERSION = YES;
				CLANG_WARN_CONSTANT_CONVERSION = YES;
				CLANG_WARN_DIRECT_OBJC_ISA_USAGE = YES_ERROR;
				CLANG_WARN_EMPTY_BODY = YES;
				CLANG_WARN_ENUM_CONVERSION = YES;
				CLANG_WARN_INT_CONVERSION = YES;
				CLANG_WARN_OBJC_ROOT_CLASS = YES_ERROR;
				CLANG_WARN_UNREACHABLE_CODE = YES;
				CLANG_WARN__DUPLICATE_METHOD_MATCH = YES;
				"CODE_SIGN_IDENTITY[sdk=iphoneos*]" = "iPhone Developer";
				COPY_PHASE_STRIP = NO;
				DEBUG_INFORMATION_FORMAT = "dwarf-with-dsym";
				ENABLE_NS_ASSERTIONS = NO;
				ENABLE_STRICT_OBJC_MSGSEND = YES;
				GCC_C_LANGUAGE_STANDARD = gnu99;
				GCC_NO_COMMON_BLOCKS = YES;
				GCC_WARN_64_TO_32_BIT_CONVERSION = YES;
				GCC_WARN_ABOUT_RETURN_TYPE = YES_ERROR;
				GCC_WARN_UNDECLARED_SELECTOR = YES;
				GCC_WARN_UNINITIALIZED_AUTOS = YES_AGGRESSIVE;
				GCC_WARN_UNUSED_FUNCTION = YES;
				GCC_WARN_UNUSED_VARIABLE = YES;
				IPHONEOS_DEPLOYMENT_TARGET = 9.2;
				MTL_ENABLE_DEBUG_INFO = NO;
				SDKROOT = iphoneos;
				VALIDATE_PRODUCT = YES;
			};
			name = Release;
		};
		2D3288671CA25DFB00C2ED2F /* Debug */ = {
			isa = XCBuildConfiguration;
			baseConfigurationReference = 3705C3F240E2181702DF656A /* Pods.debug.xcconfig */;
			buildSettings = {
				ASSETCATALOG_COMPILER_APPICON_NAME = AppIcon;
				GCC_PREFIX_HEADER = "${SRCROOT}/BanTang/BTPrefixHeader.pch";
				INFOPLIST_FILE = BanTang/Info.plist;
				LD_RUNPATH_SEARCH_PATHS = "$(inherited) @executable_path/Frameworks";
				PRODUCT_BUNDLE_IDENTIFIER = com.WanJianTechnology.BanTang;
				PRODUCT_NAME = "$(TARGET_NAME)";
			};
			name = Debug;
		};
		2D3288681CA25DFB00C2ED2F /* Release */ = {
			isa = XCBuildConfiguration;
			baseConfigurationReference = 739F438D1AEA8B6EC812E9D4 /* Pods.release.xcconfig */;
			buildSettings = {
				ASSETCATALOG_COMPILER_APPICON_NAME = AppIcon;
				GCC_PREFIX_HEADER = "${SRCROOT}/BanTang/BTPrefixHeader.pch";
				INFOPLIST_FILE = BanTang/Info.plist;
				LD_RUNPATH_SEARCH_PATHS = "$(inherited) @executable_path/Frameworks";
				PRODUCT_BUNDLE_IDENTIFIER = com.WanJianTechnology.BanTang;
				PRODUCT_NAME = "$(TARGET_NAME)";
			};
			name = Release;
		};
/* End XCBuildConfiguration section */

/* Begin XCConfigurationList section */
		2D32884A1CA25DFB00C2ED2F /* Build configuration list for PBXProject "BanTang" */ = {
			isa = XCConfigurationList;
			buildConfigurations = (
				2D3288641CA25DFB00C2ED2F /* Debug */,
				2D3288651CA25DFB00C2ED2F /* Release */,
			);
			defaultConfigurationIsVisible = 0;
			defaultConfigurationName = Release;
		};
		2D3288661CA25DFB00C2ED2F /* Build configuration list for PBXNativeTarget "BanTang" */ = {
			isa = XCConfigurationList;
			buildConfigurations = (
				2D3288671CA25DFB00C2ED2F /* Debug */,
				2D3288681CA25DFB00C2ED2F /* Release */,
			);
			defaultConfigurationIsVisible = 0;
			defaultConfigurationName = Release;
		};
/* End XCConfigurationList section */
	};
	rootObject = 2D3288471CA25DFB00C2ED2F /* Project object */;
}
